<Solution>
  <Folder Name="/src/">
    <Project Path="src/Vandox.Core/Vandox.Core.csproj" />
    <Project Path="src/Vandox.Storage/Vandox.Storage.csproj" />
    <Project Path="src/Vandox.Import/Vandox.Import.csproj" />
    <Project Path="src/Vandox.Backend/Vandox.Backend.csproj" />
  </Folder>
  <Folder Name="/tests/">
    <Project Path="tests/Vandox.Core.Tests/Vandox.Core.Tests.csproj" />
    <Project Path="tests/Vandox.Storage.Tests/Vandox.Storage.Tests.csproj" />
    <Project Path="tests/Vandox.Import.Tests/Vandox.Import.Tests.csproj" />
    <Project Path="tests/Vandox.Backend.Tests/Vandox.Backend.Tests.csproj" />
  </Folder>
</Solution>
